github.com/ChIoT-Tech/paho.golang v0.9.1-0.20210405210549-81f6d0536c2d h1:9JkjWtCzXU5OgZxhzANbieRW0JWzusMkxNTqxRgU4hM=
github.com/ChIoT-Tech/paho.golang v0.9.1-0.20210405210549-81f6d0536c2d/go.mod h1:nzNJDs750hP3Y61KiWN75/9Vbv/MOGaxM9ei5MGYofY=
github.com/ChIoT-Tech/paho.golang v0.9.1-0.20210405220303-ae5fb1cdab71 h1:cd+Hn+95geYgZXUza/Je0xwowtqMyJPIkCSaFIjLcRI=
github.com/ChIoT-Tech/paho.golang v0.9.1-0.20210405220303-ae5fb1cdab71/go.mod h1:nzNJDs750hP3Y61KiWN75/9Vbv/MOGaxM9ei5MGYofY=
github.com/ChIoT-Tech/paho.golang v0.9.1-0.20210405231326-2bdb5eae104f h1:alYYmzurNyMvzNE9TXHGwmN9YRE4guexx7xZ8N2TqkY=
github.com/ChIoT-Tech/paho.golang v0.9.1-0.20210405231326-2bdb5eae104f/go.mod h1:nzNJDs750hP3Y61KiWN75/9Vbv/MOGaxM9ei5MGYofY=
github.com/ChIoT-Tech/paho.golang v0.9.1-0.20210405234206-e4b6d6391bd4 h1:tPugbpWrjoV6q9GNlMvWBRUZrOmv9PWYfpoWwDlblq8=
github.com/ChIoT-Tech/paho.golang v0.9.1-0.20210405234206-e4b6d6391bd4/go.mod h1:nzNJDs750hP3Y61KiWN75/9Vbv/MOGaxM9ei5MGYofY=
github.com/ChIoT-Tech/paho.golang v0.9.1-0.20210405235845-ec541e86fb96 h1:mQVbxtvpmzn3cLcHNx2x5PUyfXYPyt0b2rkT0T33CJI=
github.com/ChIoT-Tech/paho.golang v0.9.1-0.20210405235845-ec541e86fb96/go.mod h1:nzNJDs750hP3Y61KiWN75/9Vbv/MOGaxM9ei5MGYofY=
github.com/ChIoT-Tech/paho.golang v0.9.1-0.20210406000458-eae29e4158a4 h1:EsijZOnyMI9fn4Hl5CtcTPk2Ltfv4tUH6kXWSJf5CQk=
github.com/ChIoT-Tech/paho.golang v0.9.1-0.20210406000458-eae29e4158a4/go.mod h1:nzNJDs750hP3Y61KiWN75/9Vbv/MOGaxM9ei5MGYofY=
github.com/ChIoT-Tech/paho.golang v0.9.1-0.20210406051052-5a49bb033d74 h1:BS5MVFfAuY2TwGGTJnHmGJOt8k9DHhi2SsA2oXn/rGE=
github.com/ChIoT-Tech/paho.golang v0.9.1-0.20210406051052-5a49bb033d74/go.mod h1:nzNJDs750hP3Y61KiWN75/9Vbv/MOGaxM9ei5MGYofY=
github.com/ChIoT-Tech/paho.golang v0.9.1-0.20210406051736-c8a164afe035 h1:K4BCTJql2VgM4ZrALB8bzcjCjFMgRDruuCLTHn8sFhY=
github.com/ChIoT-Tech/paho.golang v0.9.1-0.20210406051736-c8a164afe035/go.mod h1:nzNJDs750hP3Y61KiWN75/9Vbv/MOGaxM9ei5MGYofY=
github.com/davecgh/go-spew v1.1.0 h1:ZDRjVQ15GmhC3fiQ8ni8+OwkZQO4DARzQgrnXU1Liz8=
github.com/davecgh/go-spew v1.1.0/go.mod h1:J7Y8YcW2NihsgmVo/mv3lAwl/skON4iLHjSsI+c5H38=
github.com/eclipse/paho.golang v0.9.1-0.20210312091038-4ce31229e581 h1:91gv1MnQwPAtxsgAXSPqESXK1fiQrp3FrAmlS8VLkOE=
github.com/eclipse/paho.golang v0.9.1-0.20210312091038-4ce31229e581/go.mod h1:F75h6mXwEegr3MBzZw4LKtjnK/CHmsQOe2lIytckr8c=
github.com/joho/godotenv v1.3.0 h1:Zjp+RcGpHhGlrMbJzXTrZZPrWj+1vfm90La1wgB6Bhc=
github.com/joho/godotenv v1.3.0/go.mod h1:7hK45KPybAkOC6peb+G5yklZfMxEjkZhHbwpqxOKXbg=
github.com/pmezard/go-difflib v1.0.0 h1:4DBwDE0NGyQoBHbLQYPwSUPoCMWR5BEzIk/f1lZbAQM=
github.com/pmezard/go-difflib v1.0.0/go.mod h1:iKH77koFhYxTK1pcRnkKkqfTogsbg7gZNVY4sRDYZ/4=
github.com/stretchr/objx v0.1.0/go.mod h1:HFkY916IF+rwdDfMAkV7OtwuqBVzrE8GR6GFx+wExME=
github.com/stretchr/testify v1.7.0 h1:nwc3DEeHmmLAfoZucVR881uASk0Mfjw8xYJ99tb5CcY=
github.com/stretchr/testify v1.7.0/go.mod h1:6Fq8oRcR53rry900zMqJjRRixrwX3KX962/h/Wwjteg=
golang.org/x/sync v0.0.0-20201207232520-09787c993a3a h1:DcqTD9SDLc+1P/r1EmRBwnVsrOwW+kk2vWf9n+1sGhs=
golang.org/x/sync v0.0.0-20201207232520-09787c993a3a/go.mod h1:RxMgew5VJxzue5/jJTE5uejpjVlOe/izrB70Jof72aM=
gopkg.in/check.v1 v0.0.0-20161208181325-20d25e280405/go.mod h1:Co6ibVJAznAaIkqp8huTwlJQCZ016jof/cbN4VW5Yz0=
gopkg.in/yaml.v3 v3.0.0-20200313102051-9f266ea9e77c h1:dUUwHk2QECo/6vqA44rthZ8ie2QXMNeKRTHCNY2nXvo=
gopkg.in/yaml.v3 v3.0.0-20200313102051-9f266ea9e77c/go.mod h1:K4uyk7z7BCEPqu6E+C64Yfv1cQ7kz7rIZviUmN+EgEM=
